
Microsoft Visual Studio Solution File, Format Version 12.00
Project("{FAE04EC0-301F-11D3-BF4B-00C04F79EFBC}") = "ConsumerService.Application", "ConsumerService.Application\ConsumerService.Application.csproj", "{3FA9CF6D-ECF2-46B3-A3ED-979CE949C69E}"
EndProject
Project("{FAE04EC0-301F-11D3-BF4B-00C04F79EFBC}") = "SharedKernel", "SharedKernel\SharedKernel.csproj", "{FDED20DC-DE38-4F8D-9F9E-7D074307F628}"
EndProject
Project("{FAE04EC0-301F-11D3-BF4B-00C04F79EFBC}") = "ConsumerService.Domain", "ConsumerService.Domain\ConsumerService.Domain.csproj", "{FD71D4C4-290B-44B9-ACFF-3AB80820DE6D}"
EndProject
Project("{FAE04EC0-301F-11D3-BF4B-00C04F79EFBC}") = "KitchenService.Application", "KitchenService.Application\KitchenService.Application.csproj", "{0E226584-50BD-462A-AD21-BD593C882786}"
EndProject
Project("{FAE04EC0-301F-11D3-BF4B-00C04F79EFBC}") = "KitchenService.Domain", "KitchenService.Domain\KitchenService.Domain.csproj", "{57295FE4-32AC-44C8-90D6-87CE8409399B}"
EndProject
Project("{FAE04EC0-301F-11D3-BF4B-00C04F79EFBC}") = "KitchenService.Infrastructure", "KitchenService.Infrastructure\KitchenService.Infrastructure.csproj", "{19EF79DA-3E5B-4A16-8050-6F0EB5B495A8}"
EndProject
Project("{FAE04EC0-301F-11D3-BF4B-00C04F79EFBC}") = "KitchenService.Tests.Unit", "KitchenService.Tests.Unit\KitchenService.Tests.Unit.csproj", "{C053CDB8-7FD2-4792-A1B3-977CE9502EC6}"
EndProject
Project("{FAE04EC0-301F-11D3-BF4B-00C04F79EFBC}") = "ConsumerService.Tests.Unit", "ConsumerService.Tests.Unit\ConsumerService.Tests.Unit.csproj", "{EC9D42BB-9510-42D2-AEAA-ED1A3928F2EE}"
EndProject
Project("{FAE04EC0-301F-11D3-BF4B-00C04F79EFBC}") = "Accounting.Application", "Accounting.Application\Accounting.Application.csproj", "{8304A9D7-964D-4DDF-8D05-9CF8ED98F247}"
EndProject
Project("{FAE04EC0-301F-11D3-BF4B-00C04F79EFBC}") = "Accounting.Tests.Unit", "Accounting.Tests.Unit\Accounting.Tests.Unit.csproj", "{BDD02335-6A46-47C1-84CE-169E2EA8D6AA}"
EndProject
Project("{FAE04EC0-301F-11D3-BF4B-00C04F79EFBC}") = "Accounting.Domain", "Accounting.Domain\Accounting.Domain.csproj", "{1C3840D8-FD1F-4F64-8C4E-56AC94A54BB2}"
EndProject
Project("{FAE04EC0-301F-11D3-BF4B-00C04F79EFBC}") = "Accounting.Infrastructure", "Accounting.Infrastructure\Accounting.Infrastructure.csproj", "{E8863FE9-041B-43ED-8C60-DFBF02EB9432}"
EndProject
Global
	GlobalSection(SolutionConfigurationPlatforms) = preSolution
		Debug|Any CPU = Debug|Any CPU
		Release|Any CPU = Release|Any CPU
	EndGlobalSection
	GlobalSection(ProjectConfigurationPlatforms) = postSolution
		{3FA9CF6D-ECF2-46B3-A3ED-979CE949C69E}.Debug|Any CPU.ActiveCfg = Debug|Any CPU
		{3FA9CF6D-ECF2-46B3-A3ED-979CE949C69E}.Debug|Any CPU.Build.0 = Debug|Any CPU
		{3FA9CF6D-ECF2-46B3-A3ED-979CE949C69E}.Release|Any CPU.ActiveCfg = Release|Any CPU
		{3FA9CF6D-ECF2-46B3-A3ED-979CE949C69E}.Release|Any CPU.Build.0 = Release|Any CPU
		{FDED20DC-DE38-4F8D-9F9E-7D074307F628}.Debug|Any CPU.ActiveCfg = Debug|Any CPU
		{FDED20DC-DE38-4F8D-9F9E-7D074307F628}.Debug|Any CPU.Build.0 = Debug|Any CPU
		{FDED20DC-DE38-4F8D-9F9E-7D074307F628}.Release|Any CPU.ActiveCfg = Release|Any CPU
		{FDED20DC-DE38-4F8D-9F9E-7D074307F628}.Release|Any CPU.Build.0 = Release|Any CPU
		{FD71D4C4-290B-44B9-ACFF-3AB80820DE6D}.Debug|Any CPU.ActiveCfg = Debug|Any CPU
		{FD71D4C4-290B-44B9-ACFF-3AB80820DE6D}.Debug|Any CPU.Build.0 = Debug|Any CPU
		{FD71D4C4-290B-44B9-ACFF-3AB80820DE6D}.Release|Any CPU.ActiveCfg = Release|Any CPU
		{FD71D4C4-290B-44B9-ACFF-3AB80820DE6D}.Release|Any CPU.Build.0 = Release|Any CPU
		{0E226584-50BD-462A-AD21-BD593C882786}.Debug|Any CPU.ActiveCfg = Debug|Any CPU
		{0E226584-50BD-462A-AD21-BD593C882786}.Debug|Any CPU.Build.0 = Debug|Any CPU
		{0E226584-50BD-462A-AD21-BD593C882786}.Release|Any CPU.ActiveCfg = Release|Any CPU
		{0E226584-50BD-462A-AD21-BD593C882786}.Release|Any CPU.Build.0 = Release|Any CPU
		{57295FE4-32AC-44C8-90D6-87CE8409399B}.Debug|Any CPU.ActiveCfg = Debug|Any CPU
		{57295FE4-32AC-44C8-90D6-87CE8409399B}.Debug|Any CPU.Build.0 = Debug|Any CPU
		{57295FE4-32AC-44C8-90D6-87CE8409399B}.Release|Any CPU.ActiveCfg = Release|Any CPU
		{57295FE4-32AC-44C8-90D6-87CE8409399B}.Release|Any CPU.Build.0 = Release|Any CPU
		{19EF79DA-3E5B-4A16-8050-6F0EB5B495A8}.Debug|Any CPU.ActiveCfg = Debug|Any CPU
		{19EF79DA-3E5B-4A16-8050-6F0EB5B495A8}.Debug|Any CPU.Build.0 = Debug|Any CPU
		{19EF79DA-3E5B-4A16-8050-6F0EB5B495A8}.Release|Any CPU.ActiveCfg = Release|Any CPU
		{19EF79DA-3E5B-4A16-8050-6F0EB5B495A8}.Release|Any CPU.Build.0 = Release|Any CPU
		{C053CDB8-7FD2-4792-A1B3-977CE9502EC6}.Debug|Any CPU.ActiveCfg = Debug|Any CPU
		{C053CDB8-7FD2-4792-A1B3-977CE9502EC6}.Debug|Any CPU.Build.0 = Debug|Any CPU
		{C053CDB8-7FD2-4792-A1B3-977CE9502EC6}.Release|Any CPU.ActiveCfg = Release|Any CPU
		{C053CDB8-7FD2-4792-A1B3-977CE9502EC6}.Release|Any CPU.Build.0 = Release|Any CPU
		{EC9D42BB-9510-42D2-AEAA-ED1A3928F2EE}.Debug|Any CPU.ActiveCfg = Debug|Any CPU
		{EC9D42BB-9510-42D2-AEAA-ED1A3928F2EE}.Debug|Any CPU.Build.0 = Debug|Any CPU
		{EC9D42BB-9510-42D2-AEAA-ED1A3928F2EE}.Release|Any CPU.ActiveCfg = Release|Any CPU
		{EC9D42BB-9510-42D2-AEAA-ED1A3928F2EE}.Release|Any CPU.Build.0 = Release|Any CPU
		{8304A9D7-964D-4DDF-8D05-9CF8ED98F247}.Debug|Any CPU.ActiveCfg = Debug|Any CPU
		{8304A9D7-964D-4DDF-8D05-9CF8ED98F247}.Debug|Any CPU.Build.0 = Debug|Any CPU
		{8304A9D7-964D-4DDF-8D05-9CF8ED98F247}.Release|Any CPU.ActiveCfg = Release|Any CPU
		{8304A9D7-964D-4DDF-8D05-9CF8ED98F247}.Release|Any CPU.Build.0 = Release|Any CPU
		{BDD02335-6A46-47C1-84CE-169E2EA8D6AA}.Debug|Any CPU.ActiveCfg = Debug|Any CPU
		{BDD02335-6A46-47C1-84CE-169E2EA8D6AA}.Debug|Any CPU.Build.0 = Debug|Any CPU
		{BDD02335-6A46-47C1-84CE-169E2EA8D6AA}.Release|Any CPU.ActiveCfg = Release|Any CPU
		{BDD02335-6A46-47C1-84CE-169E2EA8D6AA}.Release|Any CPU.Build.0 = Release|Any CPU
		{1C3840D8-FD1F-4F64-8C4E-56AC94A54BB2}.Debug|Any CPU.ActiveCfg = Debug|Any CPU
		{1C3840D8-FD1F-4F64-8C4E-56AC94A54BB2}.Debug|Any CPU.Build.0 = Debug|Any CPU
		{1C3840D8-FD1F-4F64-8C4E-56AC94A54BB2}.Release|Any CPU.ActiveCfg = Release|Any CPU
		{1C3840D8-FD1F-4F64-8C4E-56AC94A54BB2}.Release|Any CPU.Build.0 = Release|Any CPU
		{E8863FE9-041B-43ED-8C60-DFBF02EB9432}.Debug|Any CPU.ActiveCfg = Debug|Any CPU
		{E8863FE9-041B-43ED-8C60-DFBF02EB9432}.Debug|Any CPU.Build.0 = Debug|Any CPU
		{E8863FE9-041B-43ED-8C60-DFBF02EB9432}.Release|Any CPU.ActiveCfg = Release|Any CPU
		{E8863FE9-041B-43ED-8C60-DFBF02EB9432}.Release|Any CPU.Build.0 = Release|Any CPU
	EndGlobalSection
EndGlobal
